
Microsoft Visual Studio Solution File, Format Version 12.00
# Visual Studio Version 16
VisualStudioVersion = 16.0.30002.166
MinimumVisualStudioVersion = 10.0.40219.1
Project("{888888A0-9F3D-457C-B088-3A5042F75D52}") = "OpenCV", "OpenCV.pyproj", "{D0937633-0AFE-4BBE-A42C-93F390973455}"
EndProject
Global
	GlobalSection(SolutionConfigurationPlatforms) = preSolution
		Debug|Any CPU = Debug|Any CPU
		Release|Any CPU = Release|Any CPU
	EndGlobalSection
	GlobalSection(ProjectConfigurationPlatforms) = postSolution
		{D0937633-0AFE-4BBE-A42C-93F390973455}.Debug|Any CPU.ActiveCfg = Debug|Any CPU
		{D0937633-0AFE-4BBE-A42C-93F390973455}.Release|Any CPU.ActiveCfg = Release|Any CPU
	EndGlobalSection
	GlobalSection(SolutionProperties) = preSolution
		HideSolutionNode = FALSE
	EndGlobalSection
	GlobalSection(ExtensibilityGlobals) = postSolution
		SolutionGuid = {C7BBC52B-0F7D-41EC-8381-903926937D30}
	EndGlobalSection
EndGlobal
