
Microsoft Visual Studio Solution File, Format Version 12.00
# Visual Studio Version 16
VisualStudioVersion = 16.0.30002.166
MinimumVisualStudioVersion = 10.0.40219.1
Project("{888888A0-9F3D-457C-B088-3A5042F75D52}") = "FaceMaskDetectorWithGUI", "FaceMaskDetectorWithGUI.pyproj", "{6C47ABBF-7B09-4678-B964-F2AA4ECB4745}"
EndProject
Global
	GlobalSection(SolutionConfigurationPlatforms) = preSolution
		Debug|Any CPU = Debug|Any CPU
		Release|Any CPU = Release|Any CPU
	EndGlobalSection
	GlobalSection(ProjectConfigurationPlatforms) = postSolution
		{6C47ABBF-7B09-4678-B964-F2AA4ECB4745}.Debug|Any CPU.ActiveCfg = Debug|Any CPU
		{6C47ABBF-7B09-4678-B964-F2AA4ECB4745}.Release|Any CPU.ActiveCfg = Release|Any CPU
	EndGlobalSection
	GlobalSection(SolutionProperties) = preSolution
		HideSolutionNode = FALSE
	EndGlobalSection
	GlobalSection(ExtensibilityGlobals) = postSolution
		SolutionGuid = {318899F0-6CF0-43BC-B088-A03457DE56D3}
	EndGlobalSection
EndGlobal
